
Microsoft Visual Studio Solution File, Format Version 12.00
# Visual Studio 15
VisualStudioVersion = 15.0.26124.0
MinimumVisualStudioVersion = 15.0.26124.0
Project("{F2A71F9B-5D33-465A-A702-920D77279786}") = "Vtuber.Zone.Core", "Core\Vtuber.Zone.Core\Vtuber.Zone.Core.fsproj", "{3E346967-6BEA-485C-9FA9-DB76E73ADADC}"
EndProject
Project("{F2A71F9B-5D33-465A-A702-920D77279786}") = "Vtuber.Zone.YouTube", "YouTube\Vtuber.Zone.YouTube\Vtuber.Zone.YouTube.fsproj", "{B92DA02F-E4EC-41F8-982C-E8CB0111985E}"
EndProject
Project("{F2A71F9B-5D33-465A-A702-920D77279786}") = "Vtuber.Zone.Twitter", "Vtuber.Zone.Twitter\Vtuber.Zone.Twitter.fsproj", "{945FA695-BC17-42B5-AF44-25C75A26B74E}"
EndProject
Project("{F2A71F9B-5D33-465A-A702-920D77279786}") = "Vtuber.Zone.Web", "Vtuber.Zone.Web\Vtuber.Zone.Web.fsproj", "{1D2B8B3F-0EA7-45EF-8B4F-A607EAD888EA}"
EndProject
Project("{F2A71F9B-5D33-465A-A702-920D77279786}") = "Vtuber.Zone.Twitch", "Twitch\Vtuber.Zone.Twitch\Vtuber.Zone.Twitch.fsproj", "{7804480C-32B6-46E2-9C15-BE4C44EDE21E}"
EndProject
Project("{2150E333-8FDC-42A3-9474-1A3956D46DE8}") = "Twitch", "Twitch", "{D3602B52-E3FE-4228-AB92-26A10B00FE3F}"
EndProject
Project("{F2A71F9B-5D33-465A-A702-920D77279786}") = "Vtuber.Zone.Twitch.Test", "Twitch\Vtuber.Zone.Twitch.Test\Vtuber.Zone.Twitch.Test.fsproj", "{10BA43C9-C28D-4820-B3FA-CA41BF2A1DE2}"
EndProject
Project("{2150E333-8FDC-42A3-9474-1A3956D46DE8}") = "Core", "Core", "{09BBF121-C3D7-4EE8-9C0E-EC65E1AB70CD}"
EndProject
Project("{F2A71F9B-5D33-465A-A702-920D77279786}") = "Vtuber.Zone.Core.Test", "Core\Vtuber.Zone.Core.Test\Vtuber.Zone.Core.Test.fsproj", "{607984A7-4AF9-4225-815D-C70713181E8C}"
EndProject
Global
	GlobalSection(SolutionConfigurationPlatforms) = preSolution
		Debug|Any CPU = Debug|Any CPU
		Debug|x64 = Debug|x64
		Debug|x86 = Debug|x86
		Release|Any CPU = Release|Any CPU
		Release|x64 = Release|x64
		Release|x86 = Release|x86
	EndGlobalSection
	GlobalSection(SolutionProperties) = preSolution
		HideSolutionNode = FALSE
	EndGlobalSection
	GlobalSection(ProjectConfigurationPlatforms) = postSolution
		{3E346967-6BEA-485C-9FA9-DB76E73ADADC}.Debug|Any CPU.ActiveCfg = Debug|Any CPU
		{3E346967-6BEA-485C-9FA9-DB76E73ADADC}.Debug|Any CPU.Build.0 = Debug|Any CPU
		{3E346967-6BEA-485C-9FA9-DB76E73ADADC}.Debug|x64.ActiveCfg = Debug|Any CPU
		{3E346967-6BEA-485C-9FA9-DB76E73ADADC}.Debug|x64.Build.0 = Debug|Any CPU
		{3E346967-6BEA-485C-9FA9-DB76E73ADADC}.Debug|x86.ActiveCfg = Debug|Any CPU
		{3E346967-6BEA-485C-9FA9-DB76E73ADADC}.Debug|x86.Build.0 = Debug|Any CPU
		{3E346967-6BEA-485C-9FA9-DB76E73ADADC}.Release|Any CPU.ActiveCfg = Release|Any CPU
		{3E346967-6BEA-485C-9FA9-DB76E73ADADC}.Release|Any CPU.Build.0 = Release|Any CPU
		{3E346967-6BEA-485C-9FA9-DB76E73ADADC}.Release|x64.ActiveCfg = Release|Any CPU
		{3E346967-6BEA-485C-9FA9-DB76E73ADADC}.Release|x64.Build.0 = Release|Any CPU
		{3E346967-6BEA-485C-9FA9-DB76E73ADADC}.Release|x86.ActiveCfg = Release|Any CPU
		{3E346967-6BEA-485C-9FA9-DB76E73ADADC}.Release|x86.Build.0 = Release|Any CPU
		{B92DA02F-E4EC-41F8-982C-E8CB0111985E}.Debug|Any CPU.ActiveCfg = Debug|Any CPU
		{B92DA02F-E4EC-41F8-982C-E8CB0111985E}.Debug|Any CPU.Build.0 = Debug|Any CPU
		{B92DA02F-E4EC-41F8-982C-E8CB0111985E}.Debug|x64.ActiveCfg = Debug|Any CPU
		{B92DA02F-E4EC-41F8-982C-E8CB0111985E}.Debug|x64.Build.0 = Debug|Any CPU
		{B92DA02F-E4EC-41F8-982C-E8CB0111985E}.Debug|x86.ActiveCfg = Debug|Any CPU
		{B92DA02F-E4EC-41F8-982C-E8CB0111985E}.Debug|x86.Build.0 = Debug|Any CPU
		{B92DA02F-E4EC-41F8-982C-E8CB0111985E}.Release|Any CPU.ActiveCfg = Release|Any CPU
		{B92DA02F-E4EC-41F8-982C-E8CB0111985E}.Release|Any CPU.Build.0 = Release|Any CPU
		{B92DA02F-E4EC-41F8-982C-E8CB0111985E}.Release|x64.ActiveCfg = Release|Any CPU
		{B92DA02F-E4EC-41F8-982C-E8CB0111985E}.Release|x64.Build.0 = Release|Any CPU
		{B92DA02F-E4EC-41F8-982C-E8CB0111985E}.Release|x86.ActiveCfg = Release|Any CPU
		{B92DA02F-E4EC-41F8-982C-E8CB0111985E}.Release|x86.Build.0 = Release|Any CPU
		{945FA695-BC17-42B5-AF44-25C75A26B74E}.Debug|Any CPU.ActiveCfg = Debug|Any CPU
		{945FA695-BC17-42B5-AF44-25C75A26B74E}.Debug|Any CPU.Build.0 = Debug|Any CPU
		{945FA695-BC17-42B5-AF44-25C75A26B74E}.Debug|x64.ActiveCfg = Debug|Any CPU
		{945FA695-BC17-42B5-AF44-25C75A26B74E}.Debug|x64.Build.0 = Debug|Any CPU
		{945FA695-BC17-42B5-AF44-25C75A26B74E}.Debug|x86.ActiveCfg = Debug|Any CPU
		{945FA695-BC17-42B5-AF44-25C75A26B74E}.Debug|x86.Build.0 = Debug|Any CPU
		{945FA695-BC17-42B5-AF44-25C75A26B74E}.Release|Any CPU.ActiveCfg = Release|Any CPU
		{945FA695-BC17-42B5-AF44-25C75A26B74E}.Release|Any CPU.Build.0 = Release|Any CPU
		{945FA695-BC17-42B5-AF44-25C75A26B74E}.Release|x64.ActiveCfg = Release|Any CPU
		{945FA695-BC17-42B5-AF44-25C75A26B74E}.Release|x64.Build.0 = Release|Any CPU
		{945FA695-BC17-42B5-AF44-25C75A26B74E}.Release|x86.ActiveCfg = Release|Any CPU
		{945FA695-BC17-42B5-AF44-25C75A26B74E}.Release|x86.Build.0 = Release|Any CPU
		{1D2B8B3F-0EA7-45EF-8B4F-A607EAD888EA}.Debug|Any CPU.ActiveCfg = Debug|Any CPU
		{1D2B8B3F-0EA7-45EF-8B4F-A607EAD888EA}.Debug|Any CPU.Build.0 = Debug|Any CPU
		{1D2B8B3F-0EA7-45EF-8B4F-A607EAD888EA}.Debug|x64.ActiveCfg = Debug|Any CPU
		{1D2B8B3F-0EA7-45EF-8B4F-A607EAD888EA}.Debug|x64.Build.0 = Debug|Any CPU
		{1D2B8B3F-0EA7-45EF-8B4F-A607EAD888EA}.Debug|x86.ActiveCfg = Debug|Any CPU
		{1D2B8B3F-0EA7-45EF-8B4F-A607EAD888EA}.Debug|x86.Build.0 = Debug|Any CPU
		{1D2B8B3F-0EA7-45EF-8B4F-A607EAD888EA}.Release|Any CPU.ActiveCfg = Release|Any CPU
		{1D2B8B3F-0EA7-45EF-8B4F-A607EAD888EA}.Release|Any CPU.Build.0 = Release|Any CPU
		{1D2B8B3F-0EA7-45EF-8B4F-A607EAD888EA}.Release|x64.ActiveCfg = Release|Any CPU
		{1D2B8B3F-0EA7-45EF-8B4F-A607EAD888EA}.Release|x64.Build.0 = Release|Any CPU
		{1D2B8B3F-0EA7-45EF-8B4F-A607EAD888EA}.Release|x86.ActiveCfg = Release|Any CPU
		{1D2B8B3F-0EA7-45EF-8B4F-A607EAD888EA}.Release|x86.Build.0 = Release|Any CPU
		{7804480C-32B6-46E2-9C15-BE4C44EDE21E}.Debug|Any CPU.ActiveCfg = Debug|Any CPU
		{7804480C-32B6-46E2-9C15-BE4C44EDE21E}.Debug|Any CPU.Build.0 = Debug|Any CPU
		{7804480C-32B6-46E2-9C15-BE4C44EDE21E}.Debug|x64.ActiveCfg = Debug|Any CPU
		{7804480C-32B6-46E2-9C15-BE4C44EDE21E}.Debug|x64.Build.0 = Debug|Any CPU
		{7804480C-32B6-46E2-9C15-BE4C44EDE21E}.Debug|x86.ActiveCfg = Debug|Any CPU
		{7804480C-32B6-46E2-9C15-BE4C44EDE21E}.Debug|x86.Build.0 = Debug|Any CPU
		{7804480C-32B6-46E2-9C15-BE4C44EDE21E}.Release|Any CPU.ActiveCfg = Release|Any CPU
		{7804480C-32B6-46E2-9C15-BE4C44EDE21E}.Release|Any CPU.Build.0 = Release|Any CPU
		{7804480C-32B6-46E2-9C15-BE4C44EDE21E}.Release|x64.ActiveCfg = Release|Any CPU
		{7804480C-32B6-46E2-9C15-BE4C44EDE21E}.Release|x64.Build.0 = Release|Any CPU
		{7804480C-32B6-46E2-9C15-BE4C44EDE21E}.Release|x86.ActiveCfg = Release|Any CPU
		{7804480C-32B6-46E2-9C15-BE4C44EDE21E}.Release|x86.Build.0 = Release|Any CPU
		{10BA43C9-C28D-4820-B3FA-CA41BF2A1DE2}.Debug|Any CPU.ActiveCfg = Debug|Any CPU
		{10BA43C9-C28D-4820-B3FA-CA41BF2A1DE2}.Debug|Any CPU.Build.0 = Debug|Any CPU
		{10BA43C9-C28D-4820-B3FA-CA41BF2A1DE2}.Debug|x64.ActiveCfg = Debug|Any CPU
		{10BA43C9-C28D-4820-B3FA-CA41BF2A1DE2}.Debug|x64.Build.0 = Debug|Any CPU
		{10BA43C9-C28D-4820-B3FA-CA41BF2A1DE2}.Debug|x86.ActiveCfg = Debug|Any CPU
		{10BA43C9-C28D-4820-B3FA-CA41BF2A1DE2}.Debug|x86.Build.0 = Debug|Any CPU
		{10BA43C9-C28D-4820-B3FA-CA41BF2A1DE2}.Release|Any CPU.ActiveCfg = Release|Any CPU
		{10BA43C9-C28D-4820-B3FA-CA41BF2A1DE2}.Release|Any CPU.Build.0 = Release|Any CPU
		{10BA43C9-C28D-4820-B3FA-CA41BF2A1DE2}.Release|x64.ActiveCfg = Release|Any CPU
		{10BA43C9-C28D-4820-B3FA-CA41BF2A1DE2}.Release|x64.Build.0 = Release|Any CPU
		{10BA43C9-C28D-4820-B3FA-CA41BF2A1DE2}.Release|x86.ActiveCfg = Release|Any CPU
		{10BA43C9-C28D-4820-B3FA-CA41BF2A1DE2}.Release|x86.Build.0 = Release|Any CPU
		{607984A7-4AF9-4225-815D-C70713181E8C}.Debug|Any CPU.ActiveCfg = Debug|Any CPU
		{607984A7-4AF9-4225-815D-C70713181E8C}.Debug|Any CPU.Build.0 = Debug|Any CPU
		{607984A7-4AF9-4225-815D-C70713181E8C}.Debug|x64.ActiveCfg = Debug|Any CPU
		{607984A7-4AF9-4225-815D-C70713181E8C}.Debug|x64.Build.0 = Debug|Any CPU
		{607984A7-4AF9-4225-815D-C70713181E8C}.Debug|x86.ActiveCfg = Debug|Any CPU
		{607984A7-4AF9-4225-815D-C70713181E8C}.Debug|x86.Build.0 = Debug|Any CPU
		{607984A7-4AF9-4225-815D-C70713181E8C}.Release|Any CPU.ActiveCfg = Release|Any CPU
		{607984A7-4AF9-4225-815D-C70713181E8C}.Release|Any CPU.Build.0 = Release|Any CPU
		{607984A7-4AF9-4225-815D-C70713181E8C}.Release|x64.ActiveCfg = Release|Any CPU
		{607984A7-4AF9-4225-815D-C70713181E8C}.Release|x64.Build.0 = Release|Any CPU
		{607984A7-4AF9-4225-815D-C70713181E8C}.Release|x86.ActiveCfg = Release|Any CPU
		{607984A7-4AF9-4225-815D-C70713181E8C}.Release|x86.Build.0 = Release|Any CPU
	EndGlobalSection
	GlobalSection(NestedProjects) = preSolution
		{10BA43C9-C28D-4820-B3FA-CA41BF2A1DE2} = {D3602B52-E3FE-4228-AB92-26A10B00FE3F}
		{607984A7-4AF9-4225-815D-C70713181E8C} = {09BBF121-C3D7-4EE8-9C0E-EC65E1AB70CD}
	EndGlobalSection
EndGlobal
