
Microsoft Visual Studio Solution File, Format Version 12.00
# Visual Studio 15
VisualStudioVersion = 15.0.26124.0
MinimumVisualStudioVersion = 15.0.26124.0
Project("{F2A71F9B-5D33-465A-A702-920D77279786}") = "Vtubers.Core", "Vtubers.Core\Vtubers.Core.fsproj", "{3E346967-6BEA-485C-9FA9-DB76E73ADADC}"
EndProject
Project("{F2A71F9B-5D33-465A-A702-920D77279786}") = "Vtubers.YT", "Vtubers.YT\Vtubers.YT.fsproj", "{B92DA02F-E4EC-41F8-982C-E8CB0111985E}"
EndProject
Global
	GlobalSection(SolutionConfigurationPlatforms) = preSolution
		Debug|Any CPU = Debug|Any CPU
		Debug|x64 = Debug|x64
		Debug|x86 = Debug|x86
		Release|Any CPU = Release|Any CPU
		Release|x64 = Release|x64
		Release|x86 = Release|x86
	EndGlobalSection
	GlobalSection(SolutionProperties) = preSolution
		HideSolutionNode = FALSE
	EndGlobalSection
	GlobalSection(ProjectConfigurationPlatforms) = postSolution
		{3E346967-6BEA-485C-9FA9-DB76E73ADADC}.Debug|Any CPU.ActiveCfg = Debug|Any CPU
		{3E346967-6BEA-485C-9FA9-DB76E73ADADC}.Debug|Any CPU.Build.0 = Debug|Any CPU
		{3E346967-6BEA-485C-9FA9-DB76E73ADADC}.Debug|x64.ActiveCfg = Debug|Any CPU
		{3E346967-6BEA-485C-9FA9-DB76E73ADADC}.Debug|x64.Build.0 = Debug|Any CPU
		{3E346967-6BEA-485C-9FA9-DB76E73ADADC}.Debug|x86.ActiveCfg = Debug|Any CPU
		{3E346967-6BEA-485C-9FA9-DB76E73ADADC}.Debug|x86.Build.0 = Debug|Any CPU
		{3E346967-6BEA-485C-9FA9-DB76E73ADADC}.Release|Any CPU.ActiveCfg = Release|Any CPU
		{3E346967-6BEA-485C-9FA9-DB76E73ADADC}.Release|Any CPU.Build.0 = Release|Any CPU
		{3E346967-6BEA-485C-9FA9-DB76E73ADADC}.Release|x64.ActiveCfg = Release|Any CPU
		{3E346967-6BEA-485C-9FA9-DB76E73ADADC}.Release|x64.Build.0 = Release|Any CPU
		{3E346967-6BEA-485C-9FA9-DB76E73ADADC}.Release|x86.ActiveCfg = Release|Any CPU
		{3E346967-6BEA-485C-9FA9-DB76E73ADADC}.Release|x86.Build.0 = Release|Any CPU
		{B92DA02F-E4EC-41F8-982C-E8CB0111985E}.Debug|Any CPU.ActiveCfg = Debug|Any CPU
		{B92DA02F-E4EC-41F8-982C-E8CB0111985E}.Debug|Any CPU.Build.0 = Debug|Any CPU
		{B92DA02F-E4EC-41F8-982C-E8CB0111985E}.Debug|x64.ActiveCfg = Debug|Any CPU
		{B92DA02F-E4EC-41F8-982C-E8CB0111985E}.Debug|x64.Build.0 = Debug|Any CPU
		{B92DA02F-E4EC-41F8-982C-E8CB0111985E}.Debug|x86.ActiveCfg = Debug|Any CPU
		{B92DA02F-E4EC-41F8-982C-E8CB0111985E}.Debug|x86.Build.0 = Debug|Any CPU
		{B92DA02F-E4EC-41F8-982C-E8CB0111985E}.Release|Any CPU.ActiveCfg = Release|Any CPU
		{B92DA02F-E4EC-41F8-982C-E8CB0111985E}.Release|Any CPU.Build.0 = Release|Any CPU
		{B92DA02F-E4EC-41F8-982C-E8CB0111985E}.Release|x64.ActiveCfg = Release|Any CPU
		{B92DA02F-E4EC-41F8-982C-E8CB0111985E}.Release|x64.Build.0 = Release|Any CPU
		{B92DA02F-E4EC-41F8-982C-E8CB0111985E}.Release|x86.ActiveCfg = Release|Any CPU
		{B92DA02F-E4EC-41F8-982C-E8CB0111985E}.Release|x86.Build.0 = Release|Any CPU
	EndGlobalSection
EndGlobal
